
Microsoft Visual Studio Solution File, Format Version 12.00
# Visual Studio Version 17
VisualStudioVersion = 17.1.32228.430
MinimumVisualStudioVersion = 10.0.40219.1
Project("{9A19103F-16F7-4668-BE54-9A1E7A4F7556}") = "B3.Dominio", "B3.Dominio\B3.Dominio.csproj", "{D4EB17DB-FEFC-4B69-A6DF-3606BB8B7F71}"
EndProject
Project("{2150E333-8FDC-42A3-9474-1A3956D46DE8}") = "3 - Dominio", "3 - Dominio", "{A5178771-2ADA-47C7-A3C6-F235CEAF5FEB}"
EndProject
Project("{2150E333-8FDC-42A3-9474-1A3956D46DE8}") = "1 - Servico", "1 - Servico", "{12F89C72-E139-4363-A7E7-E4074D67783D}"
EndProject
Project("{2150E333-8FDC-42A3-9474-1A3956D46DE8}") = "2 - Aplicacao", "2 - Aplicacao", "{E007E456-7386-4976-BF49-3D7E22B800C1}"
EndProject
Project("{2150E333-8FDC-42A3-9474-1A3956D46DE8}") = "4 - Infraestrutura", "4 - Infraestrutura", "{9349F5A3-6D83-4BF0-8008-9D4DA1A32BC5}"
EndProject
Project("{2150E333-8FDC-42A3-9474-1A3956D46DE8}") = "0 - Apresentacao", "0 - Apresentacao", "{146A4BAA-81C8-4C08-AC4B-91622236EBA8}"
EndProject
Project("{9A19103F-16F7-4668-BE54-9A1E7A4F7556}") = "B3.Dados", "B3.Dados\B3.Dados.csproj", "{BCC02751-8E17-4E00-8796-6C7F92EA5D10}"
EndProject
Project("{9A19103F-16F7-4668-BE54-9A1E7A4F7556}") = "B3.TestesUnitarios", "B3.TestesUnitarios\B3.TestesUnitarios.csproj", "{F030AC51-1425-4570-8E64-2DD4DAF3027A}"
EndProject
Project("{9A19103F-16F7-4668-BE54-9A1E7A4F7556}") = "B3.Aplicacao", "B3.Aplicacao\B3.Aplicacao.csproj", "{8B048FBC-8BAC-4BE7-892C-7683C8693878}"
EndProject
Project("{9A19103F-16F7-4668-BE54-9A1E7A4F7556}") = "B3.API", "B3.API\B3.API.csproj", "{BB6D28A5-D599-46C1-8110-D912ED13ACD0}"
EndProject
Project("{FAE04EC0-301F-11D3-BF4B-00C04F79EFBC}") = "B3.Infraestrutura.CrossCuting.Mapper", "B3.Infraestrutura.CrossCuting.Mapper\B3.Infraestrutura.CrossCuting.Mapper.csproj", "{F221445F-9E8A-46D3-95A4-D2A54A3F39A1}"
EndProject
Global
	GlobalSection(SolutionConfigurationPlatforms) = preSolution
		Debug|Any CPU = Debug|Any CPU
		Release|Any CPU = Release|Any CPU
	EndGlobalSection
	GlobalSection(ProjectConfigurationPlatforms) = postSolution
		{D4EB17DB-FEFC-4B69-A6DF-3606BB8B7F71}.Debug|Any CPU.ActiveCfg = Debug|Any CPU
		{D4EB17DB-FEFC-4B69-A6DF-3606BB8B7F71}.Debug|Any CPU.Build.0 = Debug|Any CPU
		{D4EB17DB-FEFC-4B69-A6DF-3606BB8B7F71}.Release|Any CPU.ActiveCfg = Release|Any CPU
		{D4EB17DB-FEFC-4B69-A6DF-3606BB8B7F71}.Release|Any CPU.Build.0 = Release|Any CPU
		{BCC02751-8E17-4E00-8796-6C7F92EA5D10}.Debug|Any CPU.ActiveCfg = Debug|Any CPU
		{BCC02751-8E17-4E00-8796-6C7F92EA5D10}.Debug|Any CPU.Build.0 = Debug|Any CPU
		{BCC02751-8E17-4E00-8796-6C7F92EA5D10}.Release|Any CPU.ActiveCfg = Release|Any CPU
		{BCC02751-8E17-4E00-8796-6C7F92EA5D10}.Release|Any CPU.Build.0 = Release|Any CPU
		{F030AC51-1425-4570-8E64-2DD4DAF3027A}.Debug|Any CPU.ActiveCfg = Debug|Any CPU
		{F030AC51-1425-4570-8E64-2DD4DAF3027A}.Debug|Any CPU.Build.0 = Debug|Any CPU
		{F030AC51-1425-4570-8E64-2DD4DAF3027A}.Release|Any CPU.ActiveCfg = Release|Any CPU
		{F030AC51-1425-4570-8E64-2DD4DAF3027A}.Release|Any CPU.Build.0 = Release|Any CPU
		{8B048FBC-8BAC-4BE7-892C-7683C8693878}.Debug|Any CPU.ActiveCfg = Debug|Any CPU
		{8B048FBC-8BAC-4BE7-892C-7683C8693878}.Debug|Any CPU.Build.0 = Debug|Any CPU
		{8B048FBC-8BAC-4BE7-892C-7683C8693878}.Release|Any CPU.ActiveCfg = Release|Any CPU
		{8B048FBC-8BAC-4BE7-892C-7683C8693878}.Release|Any CPU.Build.0 = Release|Any CPU
		{BB6D28A5-D599-46C1-8110-D912ED13ACD0}.Debug|Any CPU.ActiveCfg = Debug|Any CPU
		{BB6D28A5-D599-46C1-8110-D912ED13ACD0}.Debug|Any CPU.Build.0 = Debug|Any CPU
		{BB6D28A5-D599-46C1-8110-D912ED13ACD0}.Release|Any CPU.ActiveCfg = Release|Any CPU
		{BB6D28A5-D599-46C1-8110-D912ED13ACD0}.Release|Any CPU.Build.0 = Release|Any CPU
		{F221445F-9E8A-46D3-95A4-D2A54A3F39A1}.Debug|Any CPU.ActiveCfg = Debug|Any CPU
		{F221445F-9E8A-46D3-95A4-D2A54A3F39A1}.Debug|Any CPU.Build.0 = Debug|Any CPU
		{F221445F-9E8A-46D3-95A4-D2A54A3F39A1}.Release|Any CPU.ActiveCfg = Release|Any CPU
		{F221445F-9E8A-46D3-95A4-D2A54A3F39A1}.Release|Any CPU.Build.0 = Release|Any CPU
	EndGlobalSection
	GlobalSection(SolutionProperties) = preSolution
		HideSolutionNode = FALSE
	EndGlobalSection
	GlobalSection(NestedProjects) = preSolution
		{D4EB17DB-FEFC-4B69-A6DF-3606BB8B7F71} = {A5178771-2ADA-47C7-A3C6-F235CEAF5FEB}
		{BCC02751-8E17-4E00-8796-6C7F92EA5D10} = {9349F5A3-6D83-4BF0-8008-9D4DA1A32BC5}
		{F030AC51-1425-4570-8E64-2DD4DAF3027A} = {9349F5A3-6D83-4BF0-8008-9D4DA1A32BC5}
		{8B048FBC-8BAC-4BE7-892C-7683C8693878} = {E007E456-7386-4976-BF49-3D7E22B800C1}
		{BB6D28A5-D599-46C1-8110-D912ED13ACD0} = {12F89C72-E139-4363-A7E7-E4074D67783D}
		{F221445F-9E8A-46D3-95A4-D2A54A3F39A1} = {9349F5A3-6D83-4BF0-8008-9D4DA1A32BC5}
	EndGlobalSection
	GlobalSection(ExtensibilityGlobals) = postSolution
		SolutionGuid = {55CEC825-342D-44BC-868C-A53D425B7F92}
	EndGlobalSection
EndGlobal
